
Microsoft Visual Studio Solution File, Format Version 12.00
# Visual Studio Version 17
VisualStudioVersion = 17.2.32616.157
MinimumVisualStudioVersion = 10.0.40219.1
Project("{FAE04EC0-301F-11D3-BF4B-00C04F79EFBC}") = "SifreUretme", "SifreUretme\SifreUretme.csproj", "{FBC7E627-3BD5-489A-BFEE-81B907A812CC}"
EndProject
Global
	GlobalSection(SolutionConfigurationPlatforms) = preSolution
		Debug|Any CPU = Debug|Any CPU
		Release|Any CPU = Release|Any CPU
	EndGlobalSection
	GlobalSection(ProjectConfigurationPlatforms) = postSolution
		{FBC7E627-3BD5-489A-BFEE-81B907A812CC}.Debug|Any CPU.ActiveCfg = Debug|Any CPU
		{FBC7E627-3BD5-489A-BFEE-81B907A812CC}.Debug|Any CPU.Build.0 = Debug|Any CPU
		{FBC7E627-3BD5-489A-BFEE-81B907A812CC}.Release|Any CPU.ActiveCfg = Release|Any CPU
		{FBC7E627-3BD5-489A-BFEE-81B907A812CC}.Release|Any CPU.Build.0 = Release|Any CPU
	EndGlobalSection
	GlobalSection(SolutionProperties) = preSolution
		HideSolutionNode = FALSE
	EndGlobalSection
	GlobalSection(ExtensibilityGlobals) = postSolution
		SolutionGuid = {516F3143-58AA-4752-AC80-21C75838DA0C}
	EndGlobalSection
EndGlobal
